
Microsoft Visual Studio Solution File, Format Version 12.00
# Visual Studio Version 17
VisualStudioVersion = 17.3.32825.248
MinimumVisualStudioVersion = 10.0.40219.1
Project("{FAE04EC0-301F-11D3-BF4B-00C04F79EFBC}") = "Menus", "Menus\Menus.csproj", "{B0EF3EE4-CF9A-4723-8096-7B59BDCDE613}"
EndProject
Global
	GlobalSection(SolutionConfigurationPlatforms) = preSolution
		Debug|Any CPU = Debug|Any CPU
		Release|Any CPU = Release|Any CPU
	EndGlobalSection
	GlobalSection(ProjectConfigurationPlatforms) = postSolution
		{B0EF3EE4-CF9A-4723-8096-7B59BDCDE613}.Debug|Any CPU.ActiveCfg = Debug|Any CPU
		{B0EF3EE4-CF9A-4723-8096-7B59BDCDE613}.Debug|Any CPU.Build.0 = Debug|Any CPU
		{B0EF3EE4-CF9A-4723-8096-7B59BDCDE613}.Release|Any CPU.ActiveCfg = Release|Any CPU
		{B0EF3EE4-CF9A-4723-8096-7B59BDCDE613}.Release|Any CPU.Build.0 = Release|Any CPU
	EndGlobalSection
	GlobalSection(SolutionProperties) = preSolution
		HideSolutionNode = FALSE
	EndGlobalSection
	GlobalSection(ExtensibilityGlobals) = postSolution
		SolutionGuid = {DC180E3E-F195-4334-BB91-0ECC9E369CDB}
	EndGlobalSection
EndGlobal
